
Microsoft Visual Studio Solution File, Format Version 12.00
# Visual Studio 15
VisualStudioVersion = 15.0.27703.2035
MinimumVisualStudioVersion = 10.0.40219.1
Project("{FAE04EC0-301F-11D3-BF4B-00C04F79EFBC}") = "testauthentificationavecscallfolder", "testauthentificationavecscallfolder\testauthentificationavecscallfolder.csproj", "{09C2ACEE-68E4-4ADB-B6C5-5CB34CB125FD}"
EndProject
Global
	GlobalSection(SolutionConfigurationPlatforms) = preSolution
		Debug|Any CPU = Debug|Any CPU
		Release|Any CPU = Release|Any CPU
	EndGlobalSection
	GlobalSection(ProjectConfigurationPlatforms) = postSolution
		{09C2ACEE-68E4-4ADB-B6C5-5CB34CB125FD}.Debug|Any CPU.ActiveCfg = Debug|Any CPU
		{09C2ACEE-68E4-4ADB-B6C5-5CB34CB125FD}.Debug|Any CPU.Build.0 = Debug|Any CPU
		{09C2ACEE-68E4-4ADB-B6C5-5CB34CB125FD}.Release|Any CPU.ActiveCfg = Release|Any CPU
		{09C2ACEE-68E4-4ADB-B6C5-5CB34CB125FD}.Release|Any CPU.Build.0 = Release|Any CPU
	EndGlobalSection
	GlobalSection(SolutionProperties) = preSolution
		HideSolutionNode = FALSE
	EndGlobalSection
	GlobalSection(ExtensibilityGlobals) = postSolution
		SolutionGuid = {7F56052F-0293-4EB0-8FC6-5FA52AE1F45B}
	EndGlobalSection
EndGlobal
